
Microsoft Visual Studio Solution File, Format Version 12.00
# Visual Studio Version 17
VisualStudioVersion = 17.0.32014.148
MinimumVisualStudioVersion = 10.0.40219.1
Project("{9A19103F-16F7-4668-BE54-9A1E7A4F7556}") = "Divisores.Domain", "Divisores.Domain\Divisores.Domain.csproj", "{28C25249-D165-495E-9678-165E2C5C3E37}"
EndProject
Project("{9A19103F-16F7-4668-BE54-9A1E7A4F7556}") = "Divisores.Application", "Divisores.Application\Divisores.Application.csproj", "{77892DFB-A116-4EFC-BC9B-CC81BDE8149A}"
EndProject
Project("{9A19103F-16F7-4668-BE54-9A1E7A4F7556}") = "Divisores.Processamento", "Divisores.Processamento\Divisores.Processamento.csproj", "{74D9EFE9-2F4D-4832-B392-C87CFD67F3D0}"
EndProject
Project("{9A19103F-16F7-4668-BE54-9A1E7A4F7556}") = "Divisores.Tests", "Divisores.Tests\Divisores.Tests.csproj", "{6FF64438-AAEC-415A-B019-636306FBBCAF}"
EndProject
Project("{9A19103F-16F7-4668-BE54-9A1E7A4F7556}") = "Divisores.API", "Divisores.API\Divisores.API.csproj", "{BEA32FB6-37CB-43A5-9E91-68340646E3F9}"
EndProject
Global
	GlobalSection(SolutionConfigurationPlatforms) = preSolution
		Debug|Any CPU = Debug|Any CPU
		Release|Any CPU = Release|Any CPU
	EndGlobalSection
	GlobalSection(ProjectConfigurationPlatforms) = postSolution
		{28C25249-D165-495E-9678-165E2C5C3E37}.Debug|Any CPU.ActiveCfg = Debug|Any CPU
		{28C25249-D165-495E-9678-165E2C5C3E37}.Debug|Any CPU.Build.0 = Debug|Any CPU
		{28C25249-D165-495E-9678-165E2C5C3E37}.Release|Any CPU.ActiveCfg = Release|Any CPU
		{28C25249-D165-495E-9678-165E2C5C3E37}.Release|Any CPU.Build.0 = Release|Any CPU
		{77892DFB-A116-4EFC-BC9B-CC81BDE8149A}.Debug|Any CPU.ActiveCfg = Debug|Any CPU
		{77892DFB-A116-4EFC-BC9B-CC81BDE8149A}.Debug|Any CPU.Build.0 = Debug|Any CPU
		{77892DFB-A116-4EFC-BC9B-CC81BDE8149A}.Release|Any CPU.ActiveCfg = Release|Any CPU
		{77892DFB-A116-4EFC-BC9B-CC81BDE8149A}.Release|Any CPU.Build.0 = Release|Any CPU
		{74D9EFE9-2F4D-4832-B392-C87CFD67F3D0}.Debug|Any CPU.ActiveCfg = Debug|Any CPU
		{74D9EFE9-2F4D-4832-B392-C87CFD67F3D0}.Debug|Any CPU.Build.0 = Debug|Any CPU
		{74D9EFE9-2F4D-4832-B392-C87CFD67F3D0}.Release|Any CPU.ActiveCfg = Release|Any CPU
		{74D9EFE9-2F4D-4832-B392-C87CFD67F3D0}.Release|Any CPU.Build.0 = Release|Any CPU
		{6FF64438-AAEC-415A-B019-636306FBBCAF}.Debug|Any CPU.ActiveCfg = Debug|Any CPU
		{6FF64438-AAEC-415A-B019-636306FBBCAF}.Debug|Any CPU.Build.0 = Debug|Any CPU
		{6FF64438-AAEC-415A-B019-636306FBBCAF}.Release|Any CPU.ActiveCfg = Release|Any CPU
		{6FF64438-AAEC-415A-B019-636306FBBCAF}.Release|Any CPU.Build.0 = Release|Any CPU
		{BEA32FB6-37CB-43A5-9E91-68340646E3F9}.Debug|Any CPU.ActiveCfg = Debug|Any CPU
		{BEA32FB6-37CB-43A5-9E91-68340646E3F9}.Debug|Any CPU.Build.0 = Debug|Any CPU
		{BEA32FB6-37CB-43A5-9E91-68340646E3F9}.Release|Any CPU.ActiveCfg = Release|Any CPU
		{BEA32FB6-37CB-43A5-9E91-68340646E3F9}.Release|Any CPU.Build.0 = Release|Any CPU
	EndGlobalSection
	GlobalSection(SolutionProperties) = preSolution
		HideSolutionNode = FALSE
	EndGlobalSection
	GlobalSection(ExtensibilityGlobals) = postSolution
		SolutionGuid = {86DEB374-ADD8-4AF2-B6C5-2A5DC976373F}
	EndGlobalSection
EndGlobal
